
Microsoft Visual Studio Solution File, Format Version 12.00
# Visual Studio Version 17
VisualStudioVersion = 17.14.36705.20
MinimumVisualStudioVersion = 10.0.40219.1
Project("{FAE04EC0-301F-11D3-BF4B-00C04F79EFBC}") = "Ecommerce.Application", "Ecommerce.Application\Ecommerce.Application.csproj", "{CE0B992F-4DFB-4062-8C34-9B3265FB258E}"
EndProject
Project("{FAE04EC0-301F-11D3-BF4B-00C04F79EFBC}") = "Ecommerce.Domain", "Ecommerce.Domain\Ecommerce.Domain.csproj", "{77CD4970-AC71-40B6-AC36-70061F9DCECD}"
EndProject
Project("{FAE04EC0-301F-11D3-BF4B-00C04F79EFBC}") = "Ecommerce.Infrastructure", "Ecommerce.Infrastructure\Ecommerce.Infrastructure.csproj", "{BB46FF0C-F24A-44B2-87E3-EE61C8389668}"
EndProject
Project("{FAE04EC0-301F-11D3-BF4B-00C04F79EFBC}") = "Ecommerce.Persistence", "Ecommerce.Persistence\Ecommerce.Persistence.csproj", "{74260499-ABB8-4565-B96B-08C3BF50D5FD}"
EndProject
Project("{FAE04EC0-301F-11D3-BF4B-00C04F79EFBC}") = "Ecommerce.Api", "Ecommerce.Api\Ecommerce.Api.csproj", "{DBE997C4-112F-4BD5-B7F1-71936A9372FD}"
EndProject
Global
	GlobalSection(SolutionConfigurationPlatforms) = preSolution
		Debug|Any CPU = Debug|Any CPU
		Release|Any CPU = Release|Any CPU
	EndGlobalSection
	GlobalSection(ProjectConfigurationPlatforms) = postSolution
		{CE0B992F-4DFB-4062-8C34-9B3265FB258E}.Debug|Any CPU.ActiveCfg = Debug|Any CPU
		{CE0B992F-4DFB-4062-8C34-9B3265FB258E}.Debug|Any CPU.Build.0 = Debug|Any CPU
		{CE0B992F-4DFB-4062-8C34-9B3265FB258E}.Release|Any CPU.ActiveCfg = Release|Any CPU
		{CE0B992F-4DFB-4062-8C34-9B3265FB258E}.Release|Any CPU.Build.0 = Release|Any CPU
		{77CD4970-AC71-40B6-AC36-70061F9DCECD}.Debug|Any CPU.ActiveCfg = Debug|Any CPU
		{77CD4970-AC71-40B6-AC36-70061F9DCECD}.Debug|Any CPU.Build.0 = Debug|Any CPU
		{77CD4970-AC71-40B6-AC36-70061F9DCECD}.Release|Any CPU.ActiveCfg = Release|Any CPU
		{77CD4970-AC71-40B6-AC36-70061F9DCECD}.Release|Any CPU.Build.0 = Release|Any CPU
		{BB46FF0C-F24A-44B2-87E3-EE61C8389668}.Debug|Any CPU.ActiveCfg = Debug|Any CPU
		{BB46FF0C-F24A-44B2-87E3-EE61C8389668}.Debug|Any CPU.Build.0 = Debug|Any CPU
		{BB46FF0C-F24A-44B2-87E3-EE61C8389668}.Release|Any CPU.ActiveCfg = Release|Any CPU
		{BB46FF0C-F24A-44B2-87E3-EE61C8389668}.Release|Any CPU.Build.0 = Release|Any CPU
		{74260499-ABB8-4565-B96B-08C3BF50D5FD}.Debug|Any CPU.ActiveCfg = Debug|Any CPU
		{74260499-ABB8-4565-B96B-08C3BF50D5FD}.Debug|Any CPU.Build.0 = Debug|Any CPU
		{74260499-ABB8-4565-B96B-08C3BF50D5FD}.Release|Any CPU.ActiveCfg = Release|Any CPU
		{74260499-ABB8-4565-B96B-08C3BF50D5FD}.Release|Any CPU.Build.0 = Release|Any CPU
		{DBE997C4-112F-4BD5-B7F1-71936A9372FD}.Debug|Any CPU.ActiveCfg = Debug|Any CPU
		{DBE997C4-112F-4BD5-B7F1-71936A9372FD}.Debug|Any CPU.Build.0 = Debug|Any CPU
		{DBE997C4-112F-4BD5-B7F1-71936A9372FD}.Release|Any CPU.ActiveCfg = Release|Any CPU
		{DBE997C4-112F-4BD5-B7F1-71936A9372FD}.Release|Any CPU.Build.0 = Release|Any CPU
	EndGlobalSection
	GlobalSection(SolutionProperties) = preSolution
		HideSolutionNode = FALSE
	EndGlobalSection
	GlobalSection(ExtensibilityGlobals) = postSolution
		SolutionGuid = {1E6DEF22-0B90-4182-9721-7B050B13BB68}
	EndGlobalSection
EndGlobal
