{
  "version": 3,
  "targets": {
    "net9.0/win-x64": {
      "husky/0.8.0": {
        "type": "package",
        "tools": {
          "tools/net9.0/any/CliFx.dll": {},
          "tools/net9.0/any/CliWrap.dll": {},
          "tools/net9.0/any/DotnetToolSettings.xml": {},
          "tools/net9.0/any/Husky.deps.json": {},
          "tools/net9.0/any/Husky.dll": {},
          "tools/net9.0/any/Husky.pdb": {},
          "tools/net9.0/any/Husky.runtimeconfig.json": {},
          "tools/net9.0/any/Microsoft.CodeAnalysis.CSharp.Scripting.dll": {},
          "tools/net9.0/any/Microsoft.CodeAnalysis.CSharp.dll": {},
          "tools/net9.0/any/Microsoft.CodeAnalysis.Scripting.dll": {},
          "tools/net9.0/any/Microsoft.CodeAnalysis.dll": {},
          "tools/net9.0/any/Microsoft.Extensions.Configuration.Abstractions.dll": {},
          "tools/net9.0/any/Microsoft.Extensions.Configuration.Binder.dll": {},
          "tools/net9.0/any/Microsoft.Extensions.Configuration.FileExtensions.dll": {},
          "tools/net9.0/any/Microsoft.Extensions.Configuration.Json.dll": {},
          "tools/net9.0/any/Microsoft.Extensions.Configuration.dll": {},
          "tools/net9.0/any/Microsoft.Extensions.DependencyInjection.Abstractions.dll": {},
          "tools/net9.0/any/Microsoft.Extensions.DependencyInjection.dll": {},
          "tools/net9.0/any/Microsoft.Extensions.FileProviders.Abstractions.dll": {},
          "tools/net9.0/any/Microsoft.Extensions.FileProviders.Physical.dll": {},
          "tools/net9.0/any/Microsoft.Extensions.FileSystemGlobbing.dll": {},
          "tools/net9.0/any/Microsoft.Extensions.Primitives.dll": {},
          "tools/net9.0/any/System.IO.Abstractions.dll": {},
          "tools/net9.0/any/TestableIO.System.IO.Abstractions.Wrappers.dll": {},
          "tools/net9.0/any/TestableIO.System.IO.Abstractions.dll": {},
          "tools/net9.0/any/cs/Microsoft.CodeAnalysis.CSharp.Scripting.resources.dll": {},
          "tools/net9.0/any/cs/Microsoft.CodeAnalysis.CSharp.resources.dll": {},
          "tools/net9.0/any/cs/Microsoft.CodeAnalysis.Scripting.resources.dll": {},
          "tools/net9.0/any/cs/Microsoft.CodeAnalysis.resources.dll": {},
          "tools/net9.0/any/de/Microsoft.CodeAnalysis.CSharp.Scripting.resources.dll": {},
          "tools/net9.0/any/de/Microsoft.CodeAnalysis.CSharp.resources.dll": {},
          "tools/net9.0/any/de/Microsoft.CodeAnalysis.Scripting.resources.dll": {},
          "tools/net9.0/any/de/Microsoft.CodeAnalysis.resources.dll": {},
          "tools/net9.0/any/es/Microsoft.CodeAnalysis.CSharp.Scripting.resources.dll": {},
          "tools/net9.0/any/es/Microsoft.CodeAnalysis.CSharp.resources.dll": {},
          "tools/net9.0/any/es/Microsoft.CodeAnalysis.Scripting.resources.dll": {},
          "tools/net9.0/any/es/Microsoft.CodeAnalysis.resources.dll": {},
          "tools/net9.0/any/fr/Microsoft.CodeAnalysis.CSharp.Scripting.resources.dll": {},
          "tools/net9.0/any/fr/Microsoft.CodeAnalysis.CSharp.resources.dll": {},
          "tools/net9.0/any/fr/Microsoft.CodeAnalysis.Scripting.resources.dll": {},
          "tools/net9.0/any/fr/Microsoft.CodeAnalysis.resources.dll": {},
          "tools/net9.0/any/it/Microsoft.CodeAnalysis.CSharp.Scripting.resources.dll": {},
          "tools/net9.0/any/it/Microsoft.CodeAnalysis.CSharp.resources.dll": {},
          "tools/net9.0/any/it/Microsoft.CodeAnalysis.Scripting.resources.dll": {},
          "tools/net9.0/any/it/Microsoft.CodeAnalysis.resources.dll": {},
          "tools/net9.0/any/ja/Microsoft.CodeAnalysis.CSharp.Scripting.resources.dll": {},
          "tools/net9.0/any/ja/Microsoft.CodeAnalysis.CSharp.resources.dll": {},
          "tools/net9.0/any/ja/Microsoft.CodeAnalysis.Scripting.resources.dll": {},
          "tools/net9.0/any/ja/Microsoft.CodeAnalysis.resources.dll": {},
          "tools/net9.0/any/ko/Microsoft.CodeAnalysis.CSharp.Scripting.resources.dll": {},
          "tools/net9.0/any/ko/Microsoft.CodeAnalysis.CSharp.resources.dll": {},
          "tools/net9.0/any/ko/Microsoft.CodeAnalysis.Scripting.resources.dll": {},
          "tools/net9.0/any/ko/Microsoft.CodeAnalysis.resources.dll": {},
          "tools/net9.0/any/pl/Microsoft.CodeAnalysis.CSharp.Scripting.resources.dll": {},
          "tools/net9.0/any/pl/Microsoft.CodeAnalysis.CSharp.resources.dll": {},
          "tools/net9.0/any/pl/Microsoft.CodeAnalysis.Scripting.resources.dll": {},
          "tools/net9.0/any/pl/Microsoft.CodeAnalysis.resources.dll": {},
          "tools/net9.0/any/pt-BR/Microsoft.CodeAnalysis.CSharp.Scripting.resources.dll": {},
          "tools/net9.0/any/pt-BR/Microsoft.CodeAnalysis.CSharp.resources.dll": {},
          "tools/net9.0/any/pt-BR/Microsoft.CodeAnalysis.Scripting.resources.dll": {},
          "tools/net9.0/any/pt-BR/Microsoft.CodeAnalysis.resources.dll": {},
          "tools/net9.0/any/ru/Microsoft.CodeAnalysis.CSharp.Scripting.resources.dll": {},
          "tools/net9.0/any/ru/Microsoft.CodeAnalysis.CSharp.resources.dll": {},
          "tools/net9.0/any/ru/Microsoft.CodeAnalysis.Scripting.resources.dll": {},
          "tools/net9.0/any/ru/Microsoft.CodeAnalysis.resources.dll": {},
          "tools/net9.0/any/tr/Microsoft.CodeAnalysis.CSharp.Scripting.resources.dll": {},
          "tools/net9.0/any/tr/Microsoft.CodeAnalysis.CSharp.resources.dll": {},
          "tools/net9.0/any/tr/Microsoft.CodeAnalysis.Scripting.resources.dll": {},
          "tools/net9.0/any/tr/Microsoft.CodeAnalysis.resources.dll": {},
          "tools/net9.0/any/zh-Hans/Microsoft.CodeAnalysis.CSharp.Scripting.resources.dll": {},
          "tools/net9.0/any/zh-Hans/Microsoft.CodeAnalysis.CSharp.resources.dll": {},
          "tools/net9.0/any/zh-Hans/Microsoft.CodeAnalysis.Scripting.resources.dll": {},
          "tools/net9.0/any/zh-Hans/Microsoft.CodeAnalysis.resources.dll": {},
          "tools/net9.0/any/zh-Hant/Microsoft.CodeAnalysis.CSharp.Scripting.resources.dll": {},
          "tools/net9.0/any/zh-Hant/Microsoft.CodeAnalysis.CSharp.resources.dll": {},
          "tools/net9.0/any/zh-Hant/Microsoft.CodeAnalysis.Scripting.resources.dll": {},
          "tools/net9.0/any/zh-Hant/Microsoft.CodeAnalysis.resources.dll": {}
        }
      }
    }
  },
  "libraries": {},
  "projectFileDependencyGroups": {}
}